
Microsoft Visual Studio Solution File, Format Version 12.00
# Visual Studio Version 17
VisualStudioVersion = 17.4.33205.214
MinimumVisualStudioVersion = 10.0.40219.1
Project("{888888A0-9F3D-457C-B088-3A5042F75D52}") = "10typicalEXtable", "10typicalEXtable.pyproj", "{9CAA417A-E179-454A-8785-CAFDDC995F1B}"
EndProject
Global
	GlobalSection(SolutionConfigurationPlatforms) = preSolution
		Debug|Any CPU = Debug|Any CPU
		Release|Any CPU = Release|Any CPU
	EndGlobalSection
	GlobalSection(ProjectConfigurationPlatforms) = postSolution
		{9CAA417A-E179-454A-8785-CAFDDC995F1B}.Debug|Any CPU.ActiveCfg = Debug|Any CPU
		{9CAA417A-E179-454A-8785-CAFDDC995F1B}.Release|Any CPU.ActiveCfg = Release|Any CPU
	EndGlobalSection
	GlobalSection(SolutionProperties) = preSolution
		HideSolutionNode = FALSE
	EndGlobalSection
	GlobalSection(ExtensibilityGlobals) = postSolution
		SolutionGuid = {2E2FCC0F-8F9B-40B8-B053-04B760F22CE7}
	EndGlobalSection
EndGlobal
